Microsoft Visual Studio Solution File, Format Version 12.00
# Visual Studio Version 17
VisualStudioVersion = 17.5.2.0
MinimumVisualStudioVersion = 10.0.40219.1
Project("{FAE04EC0-301F-11D3-BF4B-00C04F79EFBC}") = "RevitMCP", "MCP\RevitMCP.csproj", "{1CCB8FCB-59A6-D27F-F6E7-D63908093471}"
EndProject
Global
	GlobalSection(SolutionConfigurationPlatforms) = preSolution
		Debug|Any CPU = Debug|Any CPU
		Release|Any CPU = Release|Any CPU
	EndGlobalSection
	GlobalSection(ProjectConfigurationPlatforms) = postSolution
		{1CCB8FCB-59A6-D27F-F6E7-D63908093471}.Debug|Any CPU.ActiveCfg = Debug|Any CPU
		{1CCB8FCB-59A6-D27F-F6E7-D63908093471}.Debug|Any CPU.Build.0 = Debug|Any CPU
		{1CCB8FCB-59A6-D27F-F6E7-D63908093471}.Release|Any CPU.ActiveCfg = Release|Any CPU
		{1CCB8FCB-59A6-D27F-F6E7-D63908093471}.Release|Any CPU.Build.0 = Release|Any CPU
	EndGlobalSection
	GlobalSection(SolutionProperties) = preSolution
		HideSolutionNode = FALSE
	EndGlobalSection
	GlobalSection(ExtensibilityGlobals) = postSolution
		SolutionGuid = {C334955B-457A-4CE1-ACB7-7DCED4416BA9}
	EndGlobalSection
EndGlobal
